
Microsoft Visual Studio Solution File, Format Version 12.00
# Visual Studio Version 17
VisualStudioVersion = 17.4.33213.308
MinimumVisualStudioVersion = 10.0.40219.1
Project("{FAE04EC0-301F-11D3-BF4B-00C04F79EFBC}") = "ClassLibrary1", "ClassLibrary1\ClassLibrary1.csproj", "{23EAC387-4772-4C41-96D0-3A5D0E1FF220}"
EndProject
Project("{8BC9CEB8-8B4A-11D0-8D11-00A0C91BC942}") = "StaticLib1", "StaticLib1\StaticLib1.vcxproj", "{1D6786E8-5E9D-4964-BE70-E037A5E82FD3}"
EndProject
Project("{FAE04EC0-301F-11D3-BF4B-00C04F79EFBC}") = "ConsoleApp1", "ConsoleApp1\ConsoleApp1.csproj", "{4765AC96-D90A-40A2-8551-5B15A018A3BB}"
EndProject
Project("{8BC9CEB8-8B4A-11D0-8D11-00A0C91BC942}") = "Dll1", "Dll1\Dll1.vcxproj", "{287A5C15-73CA-4F12-8768-75525FF09A22}"
EndProject
Global
	GlobalSection(SolutionConfigurationPlatforms) = preSolution
		Debug|Any CPU = Debug|Any CPU
		Debug|x64 = Debug|x64
		Debug|x86 = Debug|x86
		Release|Any CPU = Release|Any CPU
		Release|x64 = Release|x64
		Release|x86 = Release|x86
	EndGlobalSection
	GlobalSection(ProjectConfigurationPlatforms) = postSolution
		{23EAC387-4772-4C41-96D0-3A5D0E1FF220}.Debug|Any CPU.ActiveCfg = Debug|Any CPU
		{23EAC387-4772-4C41-96D0-3A5D0E1FF220}.Debug|Any CPU.Build.0 = Debug|Any CPU
		{23EAC387-4772-4C41-96D0-3A5D0E1FF220}.Debug|x64.ActiveCfg = Debug|Any CPU
		{23EAC387-4772-4C41-96D0-3A5D0E1FF220}.Debug|x64.Build.0 = Debug|Any CPU
		{23EAC387-4772-4C41-96D0-3A5D0E1FF220}.Debug|x86.ActiveCfg = Debug|Any CPU
		{23EAC387-4772-4C41-96D0-3A5D0E1FF220}.Debug|x86.Build.0 = Debug|Any CPU
		{23EAC387-4772-4C41-96D0-3A5D0E1FF220}.Release|Any CPU.ActiveCfg = Release|Any CPU
		{23EAC387-4772-4C41-96D0-3A5D0E1FF220}.Release|Any CPU.Build.0 = Release|Any CPU
		{23EAC387-4772-4C41-96D0-3A5D0E1FF220}.Release|x64.ActiveCfg = Release|Any CPU
		{23EAC387-4772-4C41-96D0-3A5D0E1FF220}.Release|x64.Build.0 = Release|Any CPU
		{23EAC387-4772-4C41-96D0-3A5D0E1FF220}.Release|x86.ActiveCfg = Release|Any CPU
		{23EAC387-4772-4C41-96D0-3A5D0E1FF220}.Release|x86.Build.0 = Release|Any CPU
		{1D6786E8-5E9D-4964-BE70-E037A5E82FD3}.Debug|Any CPU.ActiveCfg = Debug|x64
		{1D6786E8-5E9D-4964-BE70-E037A5E82FD3}.Debug|Any CPU.Build.0 = Debug|x64
		{1D6786E8-5E9D-4964-BE70-E037A5E82FD3}.Debug|x64.ActiveCfg = Debug|x64
		{1D6786E8-5E9D-4964-BE70-E037A5E82FD3}.Debug|x64.Build.0 = Debug|x64
		{1D6786E8-5E9D-4964-BE70-E037A5E82FD3}.Debug|x86.ActiveCfg = Debug|Win32
		{1D6786E8-5E9D-4964-BE70-E037A5E82FD3}.Debug|x86.Build.0 = Debug|Win32
		{1D6786E8-5E9D-4964-BE70-E037A5E82FD3}.Release|Any CPU.ActiveCfg = Release|x64
		{1D6786E8-5E9D-4964-BE70-E037A5E82FD3}.Release|Any CPU.Build.0 = Release|x64
		{1D6786E8-5E9D-4964-BE70-E037A5E82FD3}.Release|x64.ActiveCfg = Release|x64
		{1D6786E8-5E9D-4964-BE70-E037A5E82FD3}.Release|x64.Build.0 = Release|x64
		{1D6786E8-5E9D-4964-BE70-E037A5E82FD3}.Release|x86.ActiveCfg = Release|Win32
		{1D6786E8-5E9D-4964-BE70-E037A5E82FD3}.Release|x86.Build.0 = Release|Win32
		{4765AC96-D90A-40A2-8551-5B15A018A3BB}.Debug|Any CPU.ActiveCfg = Debug|Any CPU
		{4765AC96-D90A-40A2-8551-5B15A018A3BB}.Debug|Any CPU.Build.0 = Debug|Any CPU
		{4765AC96-D90A-40A2-8551-5B15A018A3BB}.Debug|x64.ActiveCfg = Debug|Any CPU
		{4765AC96-D90A-40A2-8551-5B15A018A3BB}.Debug|x64.Build.0 = Debug|Any CPU
		{4765AC96-D90A-40A2-8551-5B15A018A3BB}.Debug|x86.ActiveCfg = Debug|Any CPU
		{4765AC96-D90A-40A2-8551-5B15A018A3BB}.Debug|x86.Build.0 = Debug|Any CPU
		{4765AC96-D90A-40A2-8551-5B15A018A3BB}.Release|Any CPU.ActiveCfg = Release|Any CPU
		{4765AC96-D90A-40A2-8551-5B15A018A3BB}.Release|Any CPU.Build.0 = Release|Any CPU
		{4765AC96-D90A-40A2-8551-5B15A018A3BB}.Release|x64.ActiveCfg = Release|Any CPU
		{4765AC96-D90A-40A2-8551-5B15A018A3BB}.Release|x64.Build.0 = Release|Any CPU
		{4765AC96-D90A-40A2-8551-5B15A018A3BB}.Release|x86.ActiveCfg = Release|Any CPU
		{4765AC96-D90A-40A2-8551-5B15A018A3BB}.Release|x86.Build.0 = Release|Any CPU
		{287A5C15-73CA-4F12-8768-75525FF09A22}.Debug|Any CPU.ActiveCfg = Debug|x64
		{287A5C15-73CA-4F12-8768-75525FF09A22}.Debug|Any CPU.Build.0 = Debug|x64
		{287A5C15-73CA-4F12-8768-75525FF09A22}.Debug|x64.ActiveCfg = Debug|x64
		{287A5C15-73CA-4F12-8768-75525FF09A22}.Debug|x64.Build.0 = Debug|x64
		{287A5C15-73CA-4F12-8768-75525FF09A22}.Debug|x86.ActiveCfg = Debug|Win32
		{287A5C15-73CA-4F12-8768-75525FF09A22}.Debug|x86.Build.0 = Debug|Win32
		{287A5C15-73CA-4F12-8768-75525FF09A22}.Release|Any CPU.ActiveCfg = Release|x64
		{287A5C15-73CA-4F12-8768-75525FF09A22}.Release|Any CPU.Build.0 = Release|x64
		{287A5C15-73CA-4F12-8768-75525FF09A22}.Release|x64.ActiveCfg = Release|x64
		{287A5C15-73CA-4F12-8768-75525FF09A22}.Release|x64.Build.0 = Release|x64
		{287A5C15-73CA-4F12-8768-75525FF09A22}.Release|x86.ActiveCfg = Release|Win32
		{287A5C15-73CA-4F12-8768-75525FF09A22}.Release|x86.Build.0 = Release|Win32
	EndGlobalSection
	GlobalSection(SolutionProperties) = preSolution
		HideSolutionNode = FALSE
	EndGlobalSection
	GlobalSection(ExtensibilityGlobals) = postSolution
		SolutionGuid = {F682CCE8-557B-42E8-A3AE-2E3D2E1E4B00}
	EndGlobalSection
EndGlobal
